Microsoft Visual Studio Solution File, Format Version 12.00
# Visual Studio Version 17
VisualStudioVersion = 17.5.2.0
MinimumVisualStudioVersion = 10.0.40219.1
Project("{2150E333-8FDC-42A3-9474-1A3956D46DE8}") = "webapp", "webapp", "{7E50A06F-A38B-7BE7-1137-409223B8AEF0}"
EndProject
Project("{2150E333-8FDC-42A3-9474-1A3956D46DE8}") = "aspnet", "aspnet", "{57D91589-B522-0B85-DD10-99B82635A13A}"
EndProject
Project("{FAE04EC0-301F-11D3-BF4B-00C04F79EFBC}") = "CopilotReportWebApp", "webapp\aspnet\CopilotReportWebApp.csproj", "{882D623E-8628-C571-DDC5-67AB2A75B664}"
EndProject
Global
	GlobalSection(SolutionConfigurationPlatforms) = preSolution
		Debug|Any CPU = Debug|Any CPU
		Release|Any CPU = Release|Any CPU
	EndGlobalSection
	GlobalSection(ProjectConfigurationPlatforms) = postSolution
		{882D623E-8628-C571-DDC5-67AB2A75B664}.Debug|Any CPU.ActiveCfg = Debug|Any CPU
		{882D623E-8628-C571-DDC5-67AB2A75B664}.Debug|Any CPU.Build.0 = Debug|Any CPU
		{882D623E-8628-C571-DDC5-67AB2A75B664}.Release|Any CPU.ActiveCfg = Release|Any CPU
		{882D623E-8628-C571-DDC5-67AB2A75B664}.Release|Any CPU.Build.0 = Release|Any CPU
	EndGlobalSection
	GlobalSection(SolutionProperties) = preSolution
		HideSolutionNode = FALSE
	EndGlobalSection
	GlobalSection(NestedProjects) = preSolution
		{57D91589-B522-0B85-DD10-99B82635A13A} = {7E50A06F-A38B-7BE7-1137-409223B8AEF0}
		{882D623E-8628-C571-DDC5-67AB2A75B664} = {57D91589-B522-0B85-DD10-99B82635A13A}
	EndGlobalSection
	GlobalSection(ExtensibilityGlobals) = postSolution
		SolutionGuid = {4C292901-B4E4-4B70-BBFE-813690B15EDE}
	EndGlobalSection
EndGlobal
